
Microsoft Visual Studio Solution File, Format Version 12.00
# Visual Studio Version 16
Project("{2150E333-8FDC-42A3-9474-1A3956D46DE8}") = "CMakePredefinedTargets", "CMakePredefinedTargets", "{140CA7D0-1DE6-39F1-A3E5-5E0982C4EC63}"
EndProject
Project("{2150E333-8FDC-42A3-9474-1A3956D46DE8}") = "ExternalProjectTargets", "ExternalProjectTargets", "{6159EDF6-B53E-30A4-91FD-D99BB43D974D}"
EndProject
Project("{2150E333-8FDC-42A3-9474-1A3956D46DE8}") = "libusb", "ExternalProjectTargets\libusb", "{EFE3EA05-5295-36AB-95E1-A07D5AC804C4}"
EndProject
Project("{2150E333-8FDC-42A3-9474-1A3956D46DE8}") = "Library", "Library", "{95B1FEB4-2BA8-33E3-8A53-6351A84AD019}"
EndProject
Project("{2150E333-8FDC-42A3-9474-1A3956D46DE8}") = "Resources", "Resources", "{1975D2F7-D0F2-3368-A144-C66BCDBC6050}"
EndProject
Project("{2150E333-8FDC-42A3-9474-1A3956D46DE8}") = "Wrappers", "Wrappers", "{35721232-89D9-3DDF-A35F-F71AE2747DBD}"
EndProject
Project("{2150E333-8FDC-42A3-9474-1A3956D46DE8}") = "csharp", "Wrappers\csharp", "{28BA5740-23C5-3A31-98E6-02CEFC6942B2}"
EndProject
Project("{8BC9CEB8-8B4A-11D0-8D11-00A0C91BC942}") = "ALL_BUILD", "ALL_BUILD.vcxproj", "{A24A961B-1070-3576-9310-3C30602CDA54}"
	ProjectSection(ProjectDependencies) = postProject
		{A694D161-49BA-3547-9D06-05E034C76DBF} = {A694D161-49BA-3547-9D06-05E034C76DBF}
		{D104EF1B-85AE-30B4-9DA9-57B417620565} = {D104EF1B-85AE-30B4-9DA9-57B417620565}
		{8E2796BB-6F18-3455-89E1-368D08132FC3} = {8E2796BB-6F18-3455-89E1-368D08132FC3}
		{2122A689-16FD-31D6-8E6A-F655767EEE92} = {2122A689-16FD-31D6-8E6A-F655767EEE92}
		{F4D53111-F5E7-321B-BB56-2CCE264857EC} = {F4D53111-F5E7-321B-BB56-2CCE264857EC}
	EndProjectSection
EndProject
Project("{8BC9CEB8-8B4A-11D0-8D11-00A0C91BC942}") = "INSTALL", "INSTALL.vcxproj", "{2F38E76A-C7E9-305B-8E6C-0098B74DD5E2}"
	ProjectSection(ProjectDependencies) = postProject
		{A24A961B-1070-3576-9310-3C30602CDA54} = {A24A961B-1070-3576-9310-3C30602CDA54}
		{D104EF1B-85AE-30B4-9DA9-57B417620565} = {D104EF1B-85AE-30B4-9DA9-57B417620565}
	EndProjectSection
EndProject
Project("{FAE04EC0-301F-11D3-BF4B-00C04F79EFBC}") = "Intel.RealSense", "Intel.RealSense\Intel.RealSense.csproj", "{A694D161-49BA-3547-9D06-05E034C76DBF}"
	ProjectSection(ProjectDependencies) = postProject
		{D104EF1B-85AE-30B4-9DA9-57B417620565} = {D104EF1B-85AE-30B4-9DA9-57B417620565}
		{789EE638-57EA-3108-8E8E-EDC7C9D05F69} = {789EE638-57EA-3108-8E8E-EDC7C9D05F69}
	EndProjectSection
EndProject
Project("{8BC9CEB8-8B4A-11D0-8D11-00A0C91BC942}") = "ZERO_CHECK", "..\..\\ZERO_CHECK.vcxproj", "{D104EF1B-85AE-30B4-9DA9-57B417620565}"
	ProjectSection(ProjectDependencies) = postProject
	EndProjectSection
EndProject
Project("{FAE04EC0-301F-11D3-BF4B-00C04F79EFBC}") = "cs-tutorial-2-capture", "cs-tutorial-2-capture\cs-tutorial-2-capture.csproj", "{8E2796BB-6F18-3455-89E1-368D08132FC3}"
	ProjectSection(ProjectDependencies) = postProject
		{A694D161-49BA-3547-9D06-05E034C76DBF} = {A694D161-49BA-3547-9D06-05E034C76DBF}
		{D104EF1B-85AE-30B4-9DA9-57B417620565} = {D104EF1B-85AE-30B4-9DA9-57B417620565}
	EndProjectSection
EndProject
Project("{FAE04EC0-301F-11D3-BF4B-00C04F79EFBC}") = "cs-tutorial-3-processing", "cs-tutorial-3-processing\cs-tutorial-3-processing.csproj", "{2122A689-16FD-31D6-8E6A-F655767EEE92}"
	ProjectSection(ProjectDependencies) = postProject
		{A694D161-49BA-3547-9D06-05E034C76DBF} = {A694D161-49BA-3547-9D06-05E034C76DBF}
		{D104EF1B-85AE-30B4-9DA9-57B417620565} = {D104EF1B-85AE-30B4-9DA9-57B417620565}
	EndProjectSection
EndProject
Project("{FAE04EC0-301F-11D3-BF4B-00C04F79EFBC}") = "cs-tutorial-4-software-dev", "cs-tutorial-4-software-dev\cs-tutorial-4-software-dev.csproj", "{F4D53111-F5E7-321B-BB56-2CCE264857EC}"
	ProjectSection(ProjectDependencies) = postProject
		{A694D161-49BA-3547-9D06-05E034C76DBF} = {A694D161-49BA-3547-9D06-05E034C76DBF}
		{D104EF1B-85AE-30B4-9DA9-57B417620565} = {D104EF1B-85AE-30B4-9DA9-57B417620565}
	EndProjectSection
EndProject
Project("{8BC9CEB8-8B4A-11D0-8D11-00A0C91BC942}") = "fw", "..\..\common\fw\fw.vcxproj", "{4E144B63-A5B0-358A-ABD9-300D49A2CF98}"
	ProjectSection(ProjectDependencies) = postProject
		{D104EF1B-85AE-30B4-9DA9-57B417620565} = {D104EF1B-85AE-30B4-9DA9-57B417620565}
	EndProjectSection
EndProject
Project("{8BC9CEB8-8B4A-11D0-8D11-00A0C91BC942}") = "libusb", "..\..\\libusb.vcxproj", "{02C391BC-9789-3F06-A8AC-54ADD50D87E5}"
	ProjectSection(ProjectDependencies) = postProject
		{D104EF1B-85AE-30B4-9DA9-57B417620565} = {D104EF1B-85AE-30B4-9DA9-57B417620565}
	EndProjectSection
EndProject
Project("{8BC9CEB8-8B4A-11D0-8D11-00A0C91BC942}") = "realsense-file", "..\..\third-party\realsense-file\realsense-file.vcxproj", "{D680068E-3ECE-3C94-BB66-523CAF156750}"
	ProjectSection(ProjectDependencies) = postProject
		{D104EF1B-85AE-30B4-9DA9-57B417620565} = {D104EF1B-85AE-30B4-9DA9-57B417620565}
	EndProjectSection
EndProject
Project("{8BC9CEB8-8B4A-11D0-8D11-00A0C91BC942}") = "realsense2", "..\..\\realsense2.vcxproj", "{789EE638-57EA-3108-8E8E-EDC7C9D05F69}"
	ProjectSection(ProjectDependencies) = postProject
		{D104EF1B-85AE-30B4-9DA9-57B417620565} = {D104EF1B-85AE-30B4-9DA9-57B417620565}
		{4E144B63-A5B0-358A-ABD9-300D49A2CF98} = {4E144B63-A5B0-358A-ABD9-300D49A2CF98}
		{02C391BC-9789-3F06-A8AC-54ADD50D87E5} = {02C391BC-9789-3F06-A8AC-54ADD50D87E5}
		{D680068E-3ECE-3C94-BB66-523CAF156750} = {D680068E-3ECE-3C94-BB66-523CAF156750}
	EndProjectSection
EndProject
Global
	GlobalSection(SolutionConfigurationPlatforms) = preSolution
		Debug|x64 = Debug|x64
		Release|x64 = Release|x64
		MinSizeRel|x64 = MinSizeRel|x64
		RelWithDebInfo|x64 = RelWithDebInfo|x64
	EndGlobalSection
	GlobalSection(ProjectConfigurationPlatforms) = postSolution
		{A24A961B-1070-3576-9310-3C30602CDA54}.Debug|x64.ActiveCfg = Debug|x64
		{A24A961B-1070-3576-9310-3C30602CDA54}.Debug|x64.Build.0 = Debug|x64
		{A24A961B-1070-3576-9310-3C30602CDA54}.Release|x64.ActiveCfg = Release|x64
		{A24A961B-1070-3576-9310-3C30602CDA54}.Release|x64.Build.0 = Release|x64
		{A24A961B-1070-3576-9310-3C30602CDA54}.MinSizeRel|x64.ActiveCfg = MinSizeRel|x64
		{A24A961B-1070-3576-9310-3C30602CDA54}.MinSizeRel|x64.Build.0 = MinSizeRel|x64
		{A24A961B-1070-3576-9310-3C30602CDA54}.RelWithDebInfo|x64.ActiveCfg = RelWithDebInfo|x64
		{A24A961B-1070-3576-9310-3C30602CDA54}.RelWithDebInfo|x64.Build.0 = RelWithDebInfo|x64
		{2F38E76A-C7E9-305B-8E6C-0098B74DD5E2}.Debug|x64.ActiveCfg = Debug|x64
		{2F38E76A-C7E9-305B-8E6C-0098B74DD5E2}.Release|x64.ActiveCfg = Release|x64
		{2F38E76A-C7E9-305B-8E6C-0098B74DD5E2}.MinSizeRel|x64.ActiveCfg = MinSizeRel|x64
		{2F38E76A-C7E9-305B-8E6C-0098B74DD5E2}.RelWithDebInfo|x64.ActiveCfg = RelWithDebInfo|x64
		{A694D161-49BA-3547-9D06-05E034C76DBF}.Debug|x64.ActiveCfg = Debug|x64
		{A694D161-49BA-3547-9D06-05E034C76DBF}.Debug|x64.Build.0 = Debug|x64
		{A694D161-49BA-3547-9D06-05E034C76DBF}.Release|x64.ActiveCfg = Release|x64
		{A694D161-49BA-3547-9D06-05E034C76DBF}.Release|x64.Build.0 = Release|x64
		{A694D161-49BA-3547-9D06-05E034C76DBF}.MinSizeRel|x64.ActiveCfg = MinSizeRel|x64
		{A694D161-49BA-3547-9D06-05E034C76DBF}.MinSizeRel|x64.Build.0 = MinSizeRel|x64
		{A694D161-49BA-3547-9D06-05E034C76DBF}.RelWithDebInfo|x64.ActiveCfg = RelWithDebInfo|x64
		{A694D161-49BA-3547-9D06-05E034C76DBF}.RelWithDebInfo|x64.Build.0 = RelWithDebInfo|x64
		{D104EF1B-85AE-30B4-9DA9-57B417620565}.Debug|x64.ActiveCfg = Debug|x64
		{D104EF1B-85AE-30B4-9DA9-57B417620565}.Debug|x64.Build.0 = Debug|x64
		{D104EF1B-85AE-30B4-9DA9-57B417620565}.Release|x64.ActiveCfg = Release|x64
		{D104EF1B-85AE-30B4-9DA9-57B417620565}.Release|x64.Build.0 = Release|x64
		{D104EF1B-85AE-30B4-9DA9-57B417620565}.MinSizeRel|x64.ActiveCfg = MinSizeRel|x64
		{D104EF1B-85AE-30B4-9DA9-57B417620565}.MinSizeRel|x64.Build.0 = MinSizeRel|x64
		{D104EF1B-85AE-30B4-9DA9-57B417620565}.RelWithDebInfo|x64.ActiveCfg = RelWithDebInfo|x64
		{D104EF1B-85AE-30B4-9DA9-57B417620565}.RelWithDebInfo|x64.Build.0 = RelWithDebInfo|x64
		{8E2796BB-6F18-3455-89E1-368D08132FC3}.Debug|x64.ActiveCfg = Debug|x64
		{8E2796BB-6F18-3455-89E1-368D08132FC3}.Debug|x64.Build.0 = Debug|x64
		{8E2796BB-6F18-3455-89E1-368D08132FC3}.Release|x64.ActiveCfg = Release|x64
		{8E2796BB-6F18-3455-89E1-368D08132FC3}.Release|x64.Build.0 = Release|x64
		{8E2796BB-6F18-3455-89E1-368D08132FC3}.MinSizeRel|x64.ActiveCfg = MinSizeRel|x64
		{8E2796BB-6F18-3455-89E1-368D08132FC3}.MinSizeRel|x64.Build.0 = MinSizeRel|x64
		{8E2796BB-6F18-3455-89E1-368D08132FC3}.RelWithDebInfo|x64.ActiveCfg = RelWithDebInfo|x64
		{8E2796BB-6F18-3455-89E1-368D08132FC3}.RelWithDebInfo|x64.Build.0 = RelWithDebInfo|x64
		{2122A689-16FD-31D6-8E6A-F655767EEE92}.Debug|x64.ActiveCfg = Debug|x64
		{2122A689-16FD-31D6-8E6A-F655767EEE92}.Debug|x64.Build.0 = Debug|x64
		{2122A689-16FD-31D6-8E6A-F655767EEE92}.Release|x64.ActiveCfg = Release|x64
		{2122A689-16FD-31D6-8E6A-F655767EEE92}.Release|x64.Build.0 = Release|x64
		{2122A689-16FD-31D6-8E6A-F655767EEE92}.MinSizeRel|x64.ActiveCfg = MinSizeRel|x64
		{2122A689-16FD-31D6-8E6A-F655767EEE92}.MinSizeRel|x64.Build.0 = MinSizeRel|x64
		{2122A689-16FD-31D6-8E6A-F655767EEE92}.RelWithDebInfo|x64.ActiveCfg = RelWithDebInfo|x64
		{2122A689-16FD-31D6-8E6A-F655767EEE92}.RelWithDebInfo|x64.Build.0 = RelWithDebInfo|x64
		{F4D53111-F5E7-321B-BB56-2CCE264857EC}.Debug|x64.ActiveCfg = Debug|x64
		{F4D53111-F5E7-321B-BB56-2CCE264857EC}.Debug|x64.Build.0 = Debug|x64
		{F4D53111-F5E7-321B-BB56-2CCE264857EC}.Release|x64.ActiveCfg = Release|x64
		{F4D53111-F5E7-321B-BB56-2CCE264857EC}.Release|x64.Build.0 = Release|x64
		{F4D53111-F5E7-321B-BB56-2CCE264857EC}.MinSizeRel|x64.ActiveCfg = MinSizeRel|x64
		{F4D53111-F5E7-321B-BB56-2CCE264857EC}.MinSizeRel|x64.Build.0 = MinSizeRel|x64
		{F4D53111-F5E7-321B-BB56-2CCE264857EC}.RelWithDebInfo|x64.ActiveCfg = RelWithDebInfo|x64
		{F4D53111-F5E7-321B-BB56-2CCE264857EC}.RelWithDebInfo|x64.Build.0 = RelWithDebInfo|x64
		{4E144B63-A5B0-358A-ABD9-300D49A2CF98}.Debug|x64.ActiveCfg = Debug|x64
		{4E144B63-A5B0-358A-ABD9-300D49A2CF98}.Debug|x64.Build.0 = Debug|x64
		{4E144B63-A5B0-358A-ABD9-300D49A2CF98}.Release|x64.ActiveCfg = Release|x64
		{4E144B63-A5B0-358A-ABD9-300D49A2CF98}.Release|x64.Build.0 = Release|x64
		{4E144B63-A5B0-358A-ABD9-300D49A2CF98}.MinSizeRel|x64.ActiveCfg = MinSizeRel|x64
		{4E144B63-A5B0-358A-ABD9-300D49A2CF98}.MinSizeRel|x64.Build.0 = MinSizeRel|x64
		{4E144B63-A5B0-358A-ABD9-300D49A2CF98}.RelWithDebInfo|x64.ActiveCfg = RelWithDebInfo|x64
		{4E144B63-A5B0-358A-ABD9-300D49A2CF98}.RelWithDebInfo|x64.Build.0 = RelWithDebInfo|x64
		{02C391BC-9789-3F06-A8AC-54ADD50D87E5}.Debug|x64.ActiveCfg = Debug|x64
		{02C391BC-9789-3F06-A8AC-54ADD50D87E5}.Debug|x64.Build.0 = Debug|x64
		{02C391BC-9789-3F06-A8AC-54ADD50D87E5}.Release|x64.ActiveCfg = Release|x64
		{02C391BC-9789-3F06-A8AC-54ADD50D87E5}.Release|x64.Build.0 = Release|x64
		{02C391BC-9789-3F06-A8AC-54ADD50D87E5}.MinSizeRel|x64.ActiveCfg = MinSizeRel|x64
		{02C391BC-9789-3F06-A8AC-54ADD50D87E5}.MinSizeRel|x64.Build.0 = MinSizeRel|x64
		{02C391BC-9789-3F06-A8AC-54ADD50D87E5}.RelWithDebInfo|x64.ActiveCfg = RelWithDebInfo|x64
		{02C391BC-9789-3F06-A8AC-54ADD50D87E5}.RelWithDebInfo|x64.Build.0 = RelWithDebInfo|x64
		{D680068E-3ECE-3C94-BB66-523CAF156750}.Debug|x64.ActiveCfg = Debug|x64
		{D680068E-3ECE-3C94-BB66-523CAF156750}.Debug|x64.Build.0 = Debug|x64
		{D680068E-3ECE-3C94-BB66-523CAF156750}.Release|x64.ActiveCfg = Release|x64
		{D680068E-3ECE-3C94-BB66-523CAF156750}.Release|x64.Build.0 = Release|x64
		{D680068E-3ECE-3C94-BB66-523CAF156750}.MinSizeRel|x64.ActiveCfg = MinSizeRel|x64
		{D680068E-3ECE-3C94-BB66-523CAF156750}.MinSizeRel|x64.Build.0 = MinSizeRel|x64
		{D680068E-3ECE-3C94-BB66-523CAF156750}.RelWithDebInfo|x64.ActiveCfg = RelWithDebInfo|x64
		{D680068E-3ECE-3C94-BB66-523CAF156750}.RelWithDebInfo|x64.Build.0 = RelWithDebInfo|x64
		{789EE638-57EA-3108-8E8E-EDC7C9D05F69}.Debug|x64.ActiveCfg = Debug|x64
		{789EE638-57EA-3108-8E8E-EDC7C9D05F69}.Debug|x64.Build.0 = Debug|x64
		{789EE638-57EA-3108-8E8E-EDC7C9D05F69}.Release|x64.ActiveCfg = Release|x64
		{789EE638-57EA-3108-8E8E-EDC7C9D05F69}.Release|x64.Build.0 = Release|x64
		{789EE638-57EA-3108-8E8E-EDC7C9D05F69}.MinSizeRel|x64.ActiveCfg = MinSizeRel|x64
		{789EE638-57EA-3108-8E8E-EDC7C9D05F69}.MinSizeRel|x64.Build.0 = MinSizeRel|x64
		{789EE638-57EA-3108-8E8E-EDC7C9D05F69}.RelWithDebInfo|x64.ActiveCfg = RelWithDebInfo|x64
		{789EE638-57EA-3108-8E8E-EDC7C9D05F69}.RelWithDebInfo|x64.Build.0 = RelWithDebInfo|x64
	EndGlobalSection
	GlobalSection(NestedProjects) = preSolution
		{A24A961B-1070-3576-9310-3C30602CDA54} = {140CA7D0-1DE6-39F1-A3E5-5E0982C4EC63}
		{2F38E76A-C7E9-305B-8E6C-0098B74DD5E2} = {140CA7D0-1DE6-39F1-A3E5-5E0982C4EC63}
		{D104EF1B-85AE-30B4-9DA9-57B417620565} = {140CA7D0-1DE6-39F1-A3E5-5E0982C4EC63}
		{EFE3EA05-5295-36AB-95E1-A07D5AC804C4} = {6159EDF6-B53E-30A4-91FD-D99BB43D974D}
		{02C391BC-9789-3F06-A8AC-54ADD50D87E5} = {EFE3EA05-5295-36AB-95E1-A07D5AC804C4}
		{D680068E-3ECE-3C94-BB66-523CAF156750} = {95B1FEB4-2BA8-33E3-8A53-6351A84AD019}
		{789EE638-57EA-3108-8E8E-EDC7C9D05F69} = {95B1FEB4-2BA8-33E3-8A53-6351A84AD019}
		{4E144B63-A5B0-358A-ABD9-300D49A2CF98} = {1975D2F7-D0F2-3368-A144-C66BCDBC6050}
		{28BA5740-23C5-3A31-98E6-02CEFC6942B2} = {35721232-89D9-3DDF-A35F-F71AE2747DBD}
		{A694D161-49BA-3547-9D06-05E034C76DBF} = {28BA5740-23C5-3A31-98E6-02CEFC6942B2}
		{8E2796BB-6F18-3455-89E1-368D08132FC3} = {28BA5740-23C5-3A31-98E6-02CEFC6942B2}
		{2122A689-16FD-31D6-8E6A-F655767EEE92} = {28BA5740-23C5-3A31-98E6-02CEFC6942B2}
		{F4D53111-F5E7-321B-BB56-2CCE264857EC} = {28BA5740-23C5-3A31-98E6-02CEFC6942B2}
	EndGlobalSection
	GlobalSection(ExtensibilityGlobals) = postSolution
		SolutionGuid = {3EEE0A26-6955-3DFE-AF01-6378E92EE11A}
	EndGlobalSection
	GlobalSection(ExtensibilityAddIns) = postSolution
	EndGlobalSection
EndGlobal
