<?xml version="1.0" encoding="utf-8"?>
<Project ToolsVersion="16.0" xmlns="http://schemas.microsoft.com/developer/msbuild/2003">
  <ItemGroup>
    <CustomBuild Include="C:\Users\Stack\Desktop\librealsense-master\build\CMakeFiles\39a2afdc1b5d235597ab5876ab5097ab\INSTALL_force.rule">
      <Filter>CMake Rules</Filter>
    </CustomBuild>
  </ItemGroup>
  <ItemGroup>
    <Filter Include="CMake Rules">
      <UniqueIdentifier>{E8E732F6-09AA-37E3-B4D0-8C96B3B6662D}</UniqueIdentifier>
    </Filter>
  </ItemGroup>
</Project>
